{
  "name": "nodejs",
  "version": "1.0.0",
  "lockfileVersion": 2,
  "requires": true,
  "packages": {
    "": {
      "version": "1.0.0",
      "license": "ISC",
      "devDependencies": {
        "@types/node": "^16.7.12"
      }
    },
    "node_modules/@types/node": {
      "version": "16.7.12",
      "resolved": "https://registry.npmjs.org/@types/node/-/node-16.7.12.tgz",
      "integrity": "sha512-IrhrusVM9QJAn1xLFFqbZH+XCI8L6eZoVHjR4sZeGTBBvjQSuchXGgKpown1jP75TCMSndcbudYBDTekOhcIZA==",
      "dev": true
    }
  },
  "dependencies": {
    "@types/node": {
      "version": "16.7.12",
      "resolved": "https://registry.npmjs.org/@types/node/-/node-16.7.12.tgz",
      "integrity": "sha512-IrhrusVM9QJAn1xLFFqbZH+XCI8L6eZoVHjR4sZeGTBBvjQSuchXGgKpown1jP75TCMSndcbudYBDTekOhcIZA==",
      "dev": true
    }
  }
}
